
Microsoft Visual Studio Solution File, Format Version 12.00
# Visual Studio Version 17
VisualStudioVersion = 17.14.36518.9
MinimumVisualStudioVersion = 10.0.40219.1
Project("{FAE04EC0-301F-11D3-BF4B-00C04F79EFBC}") = "WebApi-Oficial2", "WebApi-Oficial2\WebApi-Oficial2.csproj", "{4EEF4F30-B9C7-4FF4-A3A1-0EA7EF30B178}"
EndProject
Global
	GlobalSection(SolutionConfigurationPlatforms) = preSolution
		Debug|Any CPU = Debug|Any CPU
		Release|Any CPU = Release|Any CPU
	EndGlobalSection
	GlobalSection(ProjectConfigurationPlatforms) = postSolution
		{4EEF4F30-B9C7-4FF4-A3A1-0EA7EF30B178}.Debug|Any CPU.ActiveCfg = Debug|Any CPU
		{4EEF4F30-B9C7-4FF4-A3A1-0EA7EF30B178}.Debug|Any CPU.Build.0 = Debug|Any CPU
		{4EEF4F30-B9C7-4FF4-A3A1-0EA7EF30B178}.Release|Any CPU.ActiveCfg = Release|Any CPU
		{4EEF4F30-B9C7-4FF4-A3A1-0EA7EF30B178}.Release|Any CPU.Build.0 = Release|Any CPU
	EndGlobalSection
	GlobalSection(SolutionProperties) = preSolution
		HideSolutionNode = FALSE
	EndGlobalSection
	GlobalSection(ExtensibilityGlobals) = postSolution
		SolutionGuid = {3BFB9EB5-20E5-422F-95DC-B802782BBCDE}
	EndGlobalSection
EndGlobal
